
Microsoft Visual Studio Solution File, Format Version 12.00
# Visual Studio Version 16
VisualStudioVersion = 16.0.30503.244
MinimumVisualStudioVersion = 10.0.40219.1
Project("{FAE04EC0-301F-11D3-BF4B-00C04F79EFBC}") = "Rabbit", "Rabbit\Rabbit.csproj", "{DD8D4920-23FE-4320-A67F-C0CE82645059}"
EndProject
Global
	GlobalSection(SolutionConfigurationPlatforms) = preSolution
		Debug|Any CPU = Debug|Any CPU
		Release|Any CPU = Release|Any CPU
	EndGlobalSection
	GlobalSection(ProjectConfigurationPlatforms) = postSolution
		{DD8D4920-23FE-4320-A67F-C0CE82645059}.Debug|Any CPU.ActiveCfg = Debug|Any CPU
		{DD8D4920-23FE-4320-A67F-C0CE82645059}.Debug|Any CPU.Build.0 = Debug|Any CPU
		{DD8D4920-23FE-4320-A67F-C0CE82645059}.Release|Any CPU.ActiveCfg = Release|Any CPU
		{DD8D4920-23FE-4320-A67F-C0CE82645059}.Release|Any CPU.Build.0 = Release|Any CPU
	EndGlobalSection
	GlobalSection(SolutionProperties) = preSolution
		HideSolutionNode = FALSE
	EndGlobalSection
	GlobalSection(ExtensibilityGlobals) = postSolution
		SolutionGuid = {CD0EF6FB-1B80-4A5D-8406-D3564EA54C5D}
	EndGlobalSection
EndGlobal
