
Microsoft Visual Studio Solution File, Format Version 12.00
# Visual Studio Version 16
VisualStudioVersion = 16.0.30503.244
MinimumVisualStudioVersion = 10.0.40219.1
Project("{FAE04EC0-301F-11D3-BF4B-00C04F79EFBC}") = "Classes", "Classes\Classes.csproj", "{39C28075-D96B-42E1-AF00-EC371FDF943F}"
EndProject
Global
	GlobalSection(SolutionConfigurationPlatforms) = preSolution
		Debug|Any CPU = Debug|Any CPU
		Release|Any CPU = Release|Any CPU
	EndGlobalSection
	GlobalSection(ProjectConfigurationPlatforms) = postSolution
		{39C28075-D96B-42E1-AF00-EC371FDF943F}.Debug|Any CPU.ActiveCfg = Debug|Any CPU
		{39C28075-D96B-42E1-AF00-EC371FDF943F}.Debug|Any CPU.Build.0 = Debug|Any CPU
		{39C28075-D96B-42E1-AF00-EC371FDF943F}.Release|Any CPU.ActiveCfg = Release|Any CPU
		{39C28075-D96B-42E1-AF00-EC371FDF943F}.Release|Any CPU.Build.0 = Release|Any CPU
	EndGlobalSection
	GlobalSection(SolutionProperties) = preSolution
		HideSolutionNode = FALSE
	EndGlobalSection
	GlobalSection(ExtensibilityGlobals) = postSolution
		SolutionGuid = {EF6B2061-C835-43B9-8843-DA87299A0B80}
	EndGlobalSection
EndGlobal
